
Microsoft Visual Studio Solution File, Format Version 12.00
# Visual Studio 15
VisualStudioVersion = 15.0.28010.0
MinimumVisualStudioVersion = 10.0.40219.1
Project("{FAE04EC0-301F-11D3-BF4B-00C04F79EFBC}") = "Palindrome.Console", "Palindrome.Console\Palindrome.Console.csproj", "{EC4383FC-031F-4540-B997-8716BE1CB76E}"
EndProject
Global
	GlobalSection(SolutionConfigurationPlatforms) = preSolution
		Debug|Any CPU = Debug|Any CPU
		Release|Any CPU = Release|Any CPU
	EndGlobalSection
	GlobalSection(ProjectConfigurationPlatforms) = postSolution
		{EC4383FC-031F-4540-B997-8716BE1CB76E}.Debug|Any CPU.ActiveCfg = Debug|Any CPU
		{EC4383FC-031F-4540-B997-8716BE1CB76E}.Debug|Any CPU.Build.0 = Debug|Any CPU
		{EC4383FC-031F-4540-B997-8716BE1CB76E}.Release|Any CPU.ActiveCfg = Release|Any CPU
		{EC4383FC-031F-4540-B997-8716BE1CB76E}.Release|Any CPU.Build.0 = Release|Any CPU
	EndGlobalSection
	GlobalSection(SolutionProperties) = preSolution
		HideSolutionNode = FALSE
	EndGlobalSection
	GlobalSection(ExtensibilityGlobals) = postSolution
		SolutionGuid = {AA603902-F6A0-4C71-9155-774968A56575}
	EndGlobalSection
EndGlobal
